
Microsoft Visual Studio Solution File, Format Version 12.00
# Visual Studio 15
VisualStudioVersion = 15.0.26124.0
MinimumVisualStudioVersion = 15.0.26124.0
Project("{2150E333-8FDC-42A3-9474-1A3956D46DE8}") = "src", "src", "{71B69897-D798-4AA2-ADE9-7AB43478BA4B}"
EndProject
Project("{FAE04EC0-301F-11D3-BF4B-00C04F79EFBC}") = "Data", "src\Data\Data.csproj", "{1D90760B-3E3D-4AF4-BCD0-E3D04502EE17}"
EndProject
Project("{FAE04EC0-301F-11D3-BF4B-00C04F79EFBC}") = "DI", "src\DI\DI.csproj", "{2CDA1F4C-794B-49A4-BF4E-0DA39E62D058}"
EndProject
Project("{FAE04EC0-301F-11D3-BF4B-00C04F79EFBC}") = "Domain", "src\Domain\Domain.csproj", "{D439E81F-C929-413D-AB9E-FD9EA0E1B27D}"
EndProject
Project("{FAE04EC0-301F-11D3-BF4B-00C04F79EFBC}") = "Email", "src\Email\Email.csproj", "{39DCBA25-DFF3-4468-A51E-EC8F727882F1}"
EndProject
Project("{FAE04EC0-301F-11D3-BF4B-00C04F79EFBC}") = "Pdf", "src\Pdf\Pdf.csproj", "{813BE26F-9D3B-4692-8FBB-CE4CB196D30C}"
EndProject
Project("{FAE04EC0-301F-11D3-BF4B-00C04F79EFBC}") = "Storage", "src\Storage\Storage.csproj", "{17DF85C3-48DA-4200-BAA8-51E1F8E7A786}"
EndProject
Project("{FAE04EC0-301F-11D3-BF4B-00C04F79EFBC}") = "Web.Site", "src\Web.Site\Web.Site.csproj", "{1C67558A-E00C-41A7-A467-278C6E9ECA7F}"
EndProject
Global
	GlobalSection(SolutionConfigurationPlatforms) = preSolution
		Debug|Any CPU = Debug|Any CPU
		Debug|x64 = Debug|x64
		Debug|x86 = Debug|x86
		Release|Any CPU = Release|Any CPU
		Release|x64 = Release|x64
		Release|x86 = Release|x86
	EndGlobalSection
	GlobalSection(SolutionProperties) = preSolution
		HideSolutionNode = FALSE
	EndGlobalSection
	GlobalSection(ProjectConfigurationPlatforms) = postSolution
		{1D90760B-3E3D-4AF4-BCD0-E3D04502EE17}.Debug|Any CPU.ActiveCfg = Debug|Any CPU
		{1D90760B-3E3D-4AF4-BCD0-E3D04502EE17}.Debug|Any CPU.Build.0 = Debug|Any CPU
		{1D90760B-3E3D-4AF4-BCD0-E3D04502EE17}.Debug|x64.ActiveCfg = Debug|Any CPU
		{1D90760B-3E3D-4AF4-BCD0-E3D04502EE17}.Debug|x64.Build.0 = Debug|Any CPU
		{1D90760B-3E3D-4AF4-BCD0-E3D04502EE17}.Debug|x86.ActiveCfg = Debug|Any CPU
		{1D90760B-3E3D-4AF4-BCD0-E3D04502EE17}.Debug|x86.Build.0 = Debug|Any CPU
		{1D90760B-3E3D-4AF4-BCD0-E3D04502EE17}.Release|Any CPU.ActiveCfg = Release|Any CPU
		{1D90760B-3E3D-4AF4-BCD0-E3D04502EE17}.Release|Any CPU.Build.0 = Release|Any CPU
		{1D90760B-3E3D-4AF4-BCD0-E3D04502EE17}.Release|x64.ActiveCfg = Release|Any CPU
		{1D90760B-3E3D-4AF4-BCD0-E3D04502EE17}.Release|x64.Build.0 = Release|Any CPU
		{1D90760B-3E3D-4AF4-BCD0-E3D04502EE17}.Release|x86.ActiveCfg = Release|Any CPU
		{1D90760B-3E3D-4AF4-BCD0-E3D04502EE17}.Release|x86.Build.0 = Release|Any CPU
		{2CDA1F4C-794B-49A4-BF4E-0DA39E62D058}.Debug|Any CPU.ActiveCfg = Debug|Any CPU
		{2CDA1F4C-794B-49A4-BF4E-0DA39E62D058}.Debug|Any CPU.Build.0 = Debug|Any CPU
		{2CDA1F4C-794B-49A4-BF4E-0DA39E62D058}.Debug|x64.ActiveCfg = Debug|Any CPU
		{2CDA1F4C-794B-49A4-BF4E-0DA39E62D058}.Debug|x64.Build.0 = Debug|Any CPU
		{2CDA1F4C-794B-49A4-BF4E-0DA39E62D058}.Debug|x86.ActiveCfg = Debug|Any CPU
		{2CDA1F4C-794B-49A4-BF4E-0DA39E62D058}.Debug|x86.Build.0 = Debug|Any CPU
		{2CDA1F4C-794B-49A4-BF4E-0DA39E62D058}.Release|Any CPU.ActiveCfg = Release|Any CPU
		{2CDA1F4C-794B-49A4-BF4E-0DA39E62D058}.Release|Any CPU.Build.0 = Release|Any CPU
		{2CDA1F4C-794B-49A4-BF4E-0DA39E62D058}.Release|x64.ActiveCfg = Release|Any CPU
		{2CDA1F4C-794B-49A4-BF4E-0DA39E62D058}.Release|x64.Build.0 = Release|Any CPU
		{2CDA1F4C-794B-49A4-BF4E-0DA39E62D058}.Release|x86.ActiveCfg = Release|Any CPU
		{2CDA1F4C-794B-49A4-BF4E-0DA39E62D058}.Release|x86.Build.0 = Release|Any CPU
		{D439E81F-C929-413D-AB9E-FD9EA0E1B27D}.Debug|Any CPU.ActiveCfg = Debug|Any CPU
		{D439E81F-C929-413D-AB9E-FD9EA0E1B27D}.Debug|Any CPU.Build.0 = Debug|Any CPU
		{D439E81F-C929-413D-AB9E-FD9EA0E1B27D}.Debug|x64.ActiveCfg = Debug|Any CPU
		{D439E81F-C929-413D-AB9E-FD9EA0E1B27D}.Debug|x64.Build.0 = Debug|Any CPU
		{D439E81F-C929-413D-AB9E-FD9EA0E1B27D}.Debug|x86.ActiveCfg = Debug|Any CPU
		{D439E81F-C929-413D-AB9E-FD9EA0E1B27D}.Debug|x86.Build.0 = Debug|Any CPU
		{D439E81F-C929-413D-AB9E-FD9EA0E1B27D}.Release|Any CPU.ActiveCfg = Release|Any CPU
		{D439E81F-C929-413D-AB9E-FD9EA0E1B27D}.Release|Any CPU.Build.0 = Release|Any CPU
		{D439E81F-C929-413D-AB9E-FD9EA0E1B27D}.Release|x64.ActiveCfg = Release|Any CPU
		{D439E81F-C929-413D-AB9E-FD9EA0E1B27D}.Release|x64.Build.0 = Release|Any CPU
		{D439E81F-C929-413D-AB9E-FD9EA0E1B27D}.Release|x86.ActiveCfg = Release|Any CPU
		{D439E81F-C929-413D-AB9E-FD9EA0E1B27D}.Release|x86.Build.0 = Release|Any CPU
		{39DCBA25-DFF3-4468-A51E-EC8F727882F1}.Debug|Any CPU.ActiveCfg = Debug|Any CPU
		{39DCBA25-DFF3-4468-A51E-EC8F727882F1}.Debug|Any CPU.Build.0 = Debug|Any CPU
		{39DCBA25-DFF3-4468-A51E-EC8F727882F1}.Debug|x64.ActiveCfg = Debug|Any CPU
		{39DCBA25-DFF3-4468-A51E-EC8F727882F1}.Debug|x64.Build.0 = Debug|Any CPU
		{39DCBA25-DFF3-4468-A51E-EC8F727882F1}.Debug|x86.ActiveCfg = Debug|Any CPU
		{39DCBA25-DFF3-4468-A51E-EC8F727882F1}.Debug|x86.Build.0 = Debug|Any CPU
		{39DCBA25-DFF3-4468-A51E-EC8F727882F1}.Release|Any CPU.ActiveCfg = Release|Any CPU
		{39DCBA25-DFF3-4468-A51E-EC8F727882F1}.Release|Any CPU.Build.0 = Release|Any CPU
		{39DCBA25-DFF3-4468-A51E-EC8F727882F1}.Release|x64.ActiveCfg = Release|Any CPU
		{39DCBA25-DFF3-4468-A51E-EC8F727882F1}.Release|x64.Build.0 = Release|Any CPU
		{39DCBA25-DFF3-4468-A51E-EC8F727882F1}.Release|x86.ActiveCfg = Release|Any CPU
		{39DCBA25-DFF3-4468-A51E-EC8F727882F1}.Release|x86.Build.0 = Release|Any CPU
		{813BE26F-9D3B-4692-8FBB-CE4CB196D30C}.Debug|Any CPU.ActiveCfg = Debug|Any CPU
		{813BE26F-9D3B-4692-8FBB-CE4CB196D30C}.Debug|Any CPU.Build.0 = Debug|Any CPU
		{813BE26F-9D3B-4692-8FBB-CE4CB196D30C}.Debug|x64.ActiveCfg = Debug|Any CPU
		{813BE26F-9D3B-4692-8FBB-CE4CB196D30C}.Debug|x64.Build.0 = Debug|Any CPU
		{813BE26F-9D3B-4692-8FBB-CE4CB196D30C}.Debug|x86.ActiveCfg = Debug|Any CPU
		{813BE26F-9D3B-4692-8FBB-CE4CB196D30C}.Debug|x86.Build.0 = Debug|Any CPU
		{813BE26F-9D3B-4692-8FBB-CE4CB196D30C}.Release|Any CPU.ActiveCfg = Release|Any CPU
		{813BE26F-9D3B-4692-8FBB-CE4CB196D30C}.Release|Any CPU.Build.0 = Release|Any CPU
		{813BE26F-9D3B-4692-8FBB-CE4CB196D30C}.Release|x64.ActiveCfg = Release|Any CPU
		{813BE26F-9D3B-4692-8FBB-CE4CB196D30C}.Release|x64.Build.0 = Release|Any CPU
		{813BE26F-9D3B-4692-8FBB-CE4CB196D30C}.Release|x86.ActiveCfg = Release|Any CPU
		{813BE26F-9D3B-4692-8FBB-CE4CB196D30C}.Release|x86.Build.0 = Release|Any CPU
		{17DF85C3-48DA-4200-BAA8-51E1F8E7A786}.Debug|Any CPU.ActiveCfg = Debug|Any CPU
		{17DF85C3-48DA-4200-BAA8-51E1F8E7A786}.Debug|Any CPU.Build.0 = Debug|Any CPU
		{17DF85C3-48DA-4200-BAA8-51E1F8E7A786}.Debug|x64.ActiveCfg = Debug|Any CPU
		{17DF85C3-48DA-4200-BAA8-51E1F8E7A786}.Debug|x64.Build.0 = Debug|Any CPU
		{17DF85C3-48DA-4200-BAA8-51E1F8E7A786}.Debug|x86.ActiveCfg = Debug|Any CPU
		{17DF85C3-48DA-4200-BAA8-51E1F8E7A786}.Debug|x86.Build.0 = Debug|Any CPU
		{17DF85C3-48DA-4200-BAA8-51E1F8E7A786}.Release|Any CPU.ActiveCfg = Release|Any CPU
		{17DF85C3-48DA-4200-BAA8-51E1F8E7A786}.Release|Any CPU.Build.0 = Release|Any CPU
		{17DF85C3-48DA-4200-BAA8-51E1F8E7A786}.Release|x64.ActiveCfg = Release|Any CPU
		{17DF85C3-48DA-4200-BAA8-51E1F8E7A786}.Release|x64.Build.0 = Release|Any CPU
		{17DF85C3-48DA-4200-BAA8-51E1F8E7A786}.Release|x86.ActiveCfg = Release|Any CPU
		{17DF85C3-48DA-4200-BAA8-51E1F8E7A786}.Release|x86.Build.0 = Release|Any CPU
		{1C67558A-E00C-41A7-A467-278C6E9ECA7F}.Debug|Any CPU.ActiveCfg = Debug|Any CPU
		{1C67558A-E00C-41A7-A467-278C6E9ECA7F}.Debug|Any CPU.Build.0 = Debug|Any CPU
		{1C67558A-E00C-41A7-A467-278C6E9ECA7F}.Debug|x64.ActiveCfg = Debug|Any CPU
		{1C67558A-E00C-41A7-A467-278C6E9ECA7F}.Debug|x64.Build.0 = Debug|Any CPU
		{1C67558A-E00C-41A7-A467-278C6E9ECA7F}.Debug|x86.ActiveCfg = Debug|Any CPU
		{1C67558A-E00C-41A7-A467-278C6E9ECA7F}.Debug|x86.Build.0 = Debug|Any CPU
		{1C67558A-E00C-41A7-A467-278C6E9ECA7F}.Release|Any CPU.ActiveCfg = Release|Any CPU
		{1C67558A-E00C-41A7-A467-278C6E9ECA7F}.Release|Any CPU.Build.0 = Release|Any CPU
		{1C67558A-E00C-41A7-A467-278C6E9ECA7F}.Release|x64.ActiveCfg = Release|Any CPU
		{1C67558A-E00C-41A7-A467-278C6E9ECA7F}.Release|x64.Build.0 = Release|Any CPU
		{1C67558A-E00C-41A7-A467-278C6E9ECA7F}.Release|x86.ActiveCfg = Release|Any CPU
		{1C67558A-E00C-41A7-A467-278C6E9ECA7F}.Release|x86.Build.0 = Release|Any CPU
	EndGlobalSection
	GlobalSection(NestedProjects) = preSolution
		{1D90760B-3E3D-4AF4-BCD0-E3D04502EE17} = {71B69897-D798-4AA2-ADE9-7AB43478BA4B}
		{2CDA1F4C-794B-49A4-BF4E-0DA39E62D058} = {71B69897-D798-4AA2-ADE9-7AB43478BA4B}
		{D439E81F-C929-413D-AB9E-FD9EA0E1B27D} = {71B69897-D798-4AA2-ADE9-7AB43478BA4B}
		{39DCBA25-DFF3-4468-A51E-EC8F727882F1} = {71B69897-D798-4AA2-ADE9-7AB43478BA4B}
		{813BE26F-9D3B-4692-8FBB-CE4CB196D30C} = {71B69897-D798-4AA2-ADE9-7AB43478BA4B}
		{17DF85C3-48DA-4200-BAA8-51E1F8E7A786} = {71B69897-D798-4AA2-ADE9-7AB43478BA4B}
		{1C67558A-E00C-41A7-A467-278C6E9ECA7F} = {71B69897-D798-4AA2-ADE9-7AB43478BA4B}
	EndGlobalSection
EndGlobal
